
Microsoft Visual Studio Solution File, Format Version 12.00
# Visual Studio Version 17
VisualStudioVersion = 17.0.31903.59
MinimumVisualStudioVersion = 10.0.40219.1
Project("{2150E333-8FDC-42A3-9474-1A3956D46DE8}") = "src", "src", "{827E0CD3-B72D-47B6-A68D-7590B98EB39B}"
EndProject
Project("{FAE04EC0-301F-11D3-BF4B-00C04F79EFBC}") = "TaskForge.Domain", "src\TaskForge.Domain\TaskForge.Domain.csproj", "{8C4ACC2B-6352-47B4-975D-784CEC97D20C}"
EndProject
Project("{FAE04EC0-301F-11D3-BF4B-00C04F79EFBC}") = "TaskForge.Application", "src\TaskForge.Application\TaskForge.Application.csproj", "{832D81E1-E905-449F-8402-0AE350543574}"
EndProject
Project("{FAE04EC0-301F-11D3-BF4B-00C04F79EFBC}") = "TaskForge.Infrastructure", "src\TaskForge.Infrastructure\TaskForge.Infrastructure.csproj", "{A82EB4E6-BF60-4222-97F3-1AEDEE96567E}"
EndProject
Project("{FAE04EC0-301F-11D3-BF4B-00C04F79EFBC}") = "TaskForge.Api", "src\TaskForge.Api\TaskForge.Api.csproj", "{0510039D-496E-4F38-975B-4EDCB46FA1C5}"
EndProject
Project("{2150E333-8FDC-42A3-9474-1A3956D46DE8}") = "tests", "tests", "{0AB3BF05-4346-4AA6-1389-037BE0695223}"
EndProject
Project("{FAE04EC0-301F-11D3-BF4B-00C04F79EFBC}") = "TaskForge.UnitTests", "tests\TaskForge.UnitTests\TaskForge.UnitTests.csproj", "{2F7066A9-3993-4A19-8710-B7161BED1048}"
EndProject
Project("{FAE04EC0-301F-11D3-BF4B-00C04F79EFBC}") = "TaskForge.IntegrationTests", "tests\TaskForge.IntegrationTests\TaskForge.IntegrationTests.csproj", "{A76A7296-4076-4571-BFA6-3FC81749A204}"
EndProject
Global
	GlobalSection(SolutionConfigurationPlatforms) = preSolution
		Debug|Any CPU = Debug|Any CPU
		Debug|x64 = Debug|x64
		Debug|x86 = Debug|x86
		Release|Any CPU = Release|Any CPU
		Release|x64 = Release|x64
		Release|x86 = Release|x86
	EndGlobalSection
	GlobalSection(ProjectConfigurationPlatforms) = postSolution
		{8C4ACC2B-6352-47B4-975D-784CEC97D20C}.Debug|Any CPU.ActiveCfg = Debug|Any CPU
		{8C4ACC2B-6352-47B4-975D-784CEC97D20C}.Debug|Any CPU.Build.0 = Debug|Any CPU
		{8C4ACC2B-6352-47B4-975D-784CEC97D20C}.Debug|x64.ActiveCfg = Debug|Any CPU
		{8C4ACC2B-6352-47B4-975D-784CEC97D20C}.Debug|x64.Build.0 = Debug|Any CPU
		{8C4ACC2B-6352-47B4-975D-784CEC97D20C}.Debug|x86.ActiveCfg = Debug|Any CPU
		{8C4ACC2B-6352-47B4-975D-784CEC97D20C}.Debug|x86.Build.0 = Debug|Any CPU
		{8C4ACC2B-6352-47B4-975D-784CEC97D20C}.Release|Any CPU.ActiveCfg = Release|Any CPU
		{8C4ACC2B-6352-47B4-975D-784CEC97D20C}.Release|Any CPU.Build.0 = Release|Any CPU
		{8C4ACC2B-6352-47B4-975D-784CEC97D20C}.Release|x64.ActiveCfg = Release|Any CPU
		{8C4ACC2B-6352-47B4-975D-784CEC97D20C}.Release|x64.Build.0 = Release|Any CPU
		{8C4ACC2B-6352-47B4-975D-784CEC97D20C}.Release|x86.ActiveCfg = Release|Any CPU
		{8C4ACC2B-6352-47B4-975D-784CEC97D20C}.Release|x86.Build.0 = Release|Any CPU
		{832D81E1-E905-449F-8402-0AE350543574}.Debug|Any CPU.ActiveCfg = Debug|Any CPU
		{832D81E1-E905-449F-8402-0AE350543574}.Debug|Any CPU.Build.0 = Debug|Any CPU
		{832D81E1-E905-449F-8402-0AE350543574}.Debug|x64.ActiveCfg = Debug|Any CPU
		{832D81E1-E905-449F-8402-0AE350543574}.Debug|x64.Build.0 = Debug|Any CPU
		{832D81E1-E905-449F-8402-0AE350543574}.Debug|x86.ActiveCfg = Debug|Any CPU
		{832D81E1-E905-449F-8402-0AE350543574}.Debug|x86.Build.0 = Debug|Any CPU
		{832D81E1-E905-449F-8402-0AE350543574}.Release|Any CPU.ActiveCfg = Release|Any CPU
		{832D81E1-E905-449F-8402-0AE350543574}.Release|Any CPU.Build.0 = Release|Any CPU
		{832D81E1-E905-449F-8402-0AE350543574}.Release|x64.ActiveCfg = Release|Any CPU
		{832D81E1-E905-449F-8402-0AE350543574}.Release|x64.Build.0 = Release|Any CPU
		{832D81E1-E905-449F-8402-0AE350543574}.Release|x86.ActiveCfg = Release|Any CPU
		{832D81E1-E905-449F-8402-0AE350543574}.Release|x86.Build.0 = Release|Any CPU
		{A82EB4E6-BF60-4222-97F3-1AEDEE96567E}.Debug|Any CPU.ActiveCfg = Debug|Any CPU
		{A82EB4E6-BF60-4222-97F3-1AEDEE96567E}.Debug|Any CPU.Build.0 = Debug|Any CPU
		{A82EB4E6-BF60-4222-97F3-1AEDEE96567E}.Debug|x64.ActiveCfg = Debug|Any CPU
		{A82EB4E6-BF60-4222-97F3-1AEDEE96567E}.Debug|x64.Build.0 = Debug|Any CPU
		{A82EB4E6-BF60-4222-97F3-1AEDEE96567E}.Debug|x86.ActiveCfg = Debug|Any CPU
		{A82EB4E6-BF60-4222-97F3-1AEDEE96567E}.Debug|x86.Build.0 = Debug|Any CPU
		{A82EB4E6-BF60-4222-97F3-1AEDEE96567E}.Release|Any CPU.ActiveCfg = Release|Any CPU
		{A82EB4E6-BF60-4222-97F3-1AEDEE96567E}.Release|Any CPU.Build.0 = Release|Any CPU
		{A82EB4E6-BF60-4222-97F3-1AEDEE96567E}.Release|x64.ActiveCfg = Release|Any CPU
		{A82EB4E6-BF60-4222-97F3-1AEDEE96567E}.Release|x64.Build.0 = Release|Any CPU
		{A82EB4E6-BF60-4222-97F3-1AEDEE96567E}.Release|x86.ActiveCfg = Release|Any CPU
		{A82EB4E6-BF60-4222-97F3-1AEDEE96567E}.Release|x86.Build.0 = Release|Any CPU
		{0510039D-496E-4F38-975B-4EDCB46FA1C5}.Debug|Any CPU.ActiveCfg = Debug|Any CPU
		{0510039D-496E-4F38-975B-4EDCB46FA1C5}.Debug|Any CPU.Build.0 = Debug|Any CPU
		{0510039D-496E-4F38-975B-4EDCB46FA1C5}.Debug|x64.ActiveCfg = Debug|Any CPU
		{0510039D-496E-4F38-975B-4EDCB46FA1C5}.Debug|x64.Build.0 = Debug|Any CPU
		{0510039D-496E-4F38-975B-4EDCB46FA1C5}.Debug|x86.ActiveCfg = Debug|Any CPU
		{0510039D-496E-4F38-975B-4EDCB46FA1C5}.Debug|x86.Build.0 = Debug|Any CPU
		{0510039D-496E-4F38-975B-4EDCB46FA1C5}.Release|Any CPU.ActiveCfg = Release|Any CPU
		{0510039D-496E-4F38-975B-4EDCB46FA1C5}.Release|Any CPU.Build.0 = Release|Any CPU
		{0510039D-496E-4F38-975B-4EDCB46FA1C5}.Release|x64.ActiveCfg = Release|Any CPU
		{0510039D-496E-4F38-975B-4EDCB46FA1C5}.Release|x64.Build.0 = Release|Any CPU
		{0510039D-496E-4F38-975B-4EDCB46FA1C5}.Release|x86.ActiveCfg = Release|Any CPU
		{0510039D-496E-4F38-975B-4EDCB46FA1C5}.Release|x86.Build.0 = Release|Any CPU
		{2F7066A9-3993-4A19-8710-B7161BED1048}.Debug|Any CPU.ActiveCfg = Debug|Any CPU
		{2F7066A9-3993-4A19-8710-B7161BED1048}.Debug|Any CPU.Build.0 = Debug|Any CPU
		{2F7066A9-3993-4A19-8710-B7161BED1048}.Debug|x64.ActiveCfg = Debug|Any CPU
		{2F7066A9-3993-4A19-8710-B7161BED1048}.Debug|x64.Build.0 = Debug|Any CPU
		{2F7066A9-3993-4A19-8710-B7161BED1048}.Debug|x86.ActiveCfg = Debug|Any CPU
		{2F7066A9-3993-4A19-8710-B7161BED1048}.Debug|x86.Build.0 = Debug|Any CPU
		{2F7066A9-3993-4A19-8710-B7161BED1048}.Release|Any CPU.ActiveCfg = Release|Any CPU
		{2F7066A9-3993-4A19-8710-B7161BED1048}.Release|Any CPU.Build.0 = Release|Any CPU
		{2F7066A9-3993-4A19-8710-B7161BED1048}.Release|x64.ActiveCfg = Release|Any CPU
		{2F7066A9-3993-4A19-8710-B7161BED1048}.Release|x64.Build.0 = Release|Any CPU
		{2F7066A9-3993-4A19-8710-B7161BED1048}.Release|x86.ActiveCfg = Release|Any CPU
		{2F7066A9-3993-4A19-8710-B7161BED1048}.Release|x86.Build.0 = Release|Any CPU
		{A76A7296-4076-4571-BFA6-3FC81749A204}.Debug|Any CPU.ActiveCfg = Debug|Any CPU
		{A76A7296-4076-4571-BFA6-3FC81749A204}.Debug|Any CPU.Build.0 = Debug|Any CPU
		{A76A7296-4076-4571-BFA6-3FC81749A204}.Debug|x64.ActiveCfg = Debug|Any CPU
		{A76A7296-4076-4571-BFA6-3FC81749A204}.Debug|x64.Build.0 = Debug|Any CPU
		{A76A7296-4076-4571-BFA6-3FC81749A204}.Debug|x86.ActiveCfg = Debug|Any CPU
		{A76A7296-4076-4571-BFA6-3FC81749A204}.Debug|x86.Build.0 = Debug|Any CPU
		{A76A7296-4076-4571-BFA6-3FC81749A204}.Release|Any CPU.ActiveCfg = Release|Any CPU
		{A76A7296-4076-4571-BFA6-3FC81749A204}.Release|Any CPU.Build.0 = Release|Any CPU
		{A76A7296-4076-4571-BFA6-3FC81749A204}.Release|x64.ActiveCfg = Release|Any CPU
		{A76A7296-4076-4571-BFA6-3FC81749A204}.Release|x64.Build.0 = Release|Any CPU
		{A76A7296-4076-4571-BFA6-3FC81749A204}.Release|x86.ActiveCfg = Release|Any CPU
		{A76A7296-4076-4571-BFA6-3FC81749A204}.Release|x86.Build.0 = Release|Any CPU
	EndGlobalSection
	GlobalSection(SolutionProperties) = preSolution
		HideSolutionNode = FALSE
	EndGlobalSection
	GlobalSection(NestedProjects) = preSolution
		{8C4ACC2B-6352-47B4-975D-784CEC97D20C} = {827E0CD3-B72D-47B6-A68D-7590B98EB39B}
		{832D81E1-E905-449F-8402-0AE350543574} = {827E0CD3-B72D-47B6-A68D-7590B98EB39B}
		{A82EB4E6-BF60-4222-97F3-1AEDEE96567E} = {827E0CD3-B72D-47B6-A68D-7590B98EB39B}
		{0510039D-496E-4F38-975B-4EDCB46FA1C5} = {827E0CD3-B72D-47B6-A68D-7590B98EB39B}
		{2F7066A9-3993-4A19-8710-B7161BED1048} = {0AB3BF05-4346-4AA6-1389-037BE0695223}
		{A76A7296-4076-4571-BFA6-3FC81749A204} = {0AB3BF05-4346-4AA6-1389-037BE0695223}
	EndGlobalSection
EndGlobal
